{
  "nodes": {
    "ear_src": {
      "flake": false,
      "locked": {
        "lastModified": 1712678150,
        "narHash": "sha256-dwLalhg6rwdXKtY4iph3/bZuU+aW5sXbKVv8pqLOS5g=",
        "ref": "master",
        "rev": "a04e287f247809653a031b7c99306066ec3d94c1",
        "revCount": 364,
        "type": "git",
        "url": "https://github.com/ebu/ebu_adm_renderer.git"
      },
      "original": {
        "ref": "master",
        "type": "git",
        "url": "https://github.com/ebu/ebu_adm_renderer.git"
      }
    },
    "flake-utils": {
      "inputs": {
        "systems": "systems"
      },
      "locked": {
        "lastModified": 1694529238,
        "narHash": "sha256-zsNZZGTGnMOf9YpHKJqMSsa0dXbfmxeoJ7xHlrt+xmY=",
        "owner": "numtide",
        "repo": "flake-utils",
        "rev": "ff7b65b44d01cf9ba6a71320833626af21126384",
        "type": "github"
      },
      "original": {
        "owner": "numtide",
        "repo": "flake-utils",
        "type": "github"
      }
    },
    "libear_src": {
      "flake": false,
      "locked": {
        "lastModified": 1683050932,
        "narHash": "sha256-4Ce1B9Ajuw9K8zy2PVl46DTqae5biPVftDGNCaFedbU=",
        "ref": "master",
        "rev": "10e071784d7f033fee8e456032458f10dd1da174",
        "revCount": 83,
        "type": "git",
        "url": "https://github.com/ebu/libear.git"
      },
      "original": {
        "ref": "master",
        "type": "git",
        "url": "https://github.com/ebu/libear.git"
      }
    },
    "nixpkgs": {
      "locked": {
        "lastModified": 1701539137,
        "narHash": "sha256-nVO/5QYpf1GwjvtpXhyxx5M3U/WN0MwBro4Lsk+9mL0=",
        "owner": "NixOS",
        "repo": "nixpkgs",
        "rev": "933d7dc155096e7575d207be6fb7792bc9f34f6d",
        "type": "github"
      },
      "original": {
        "id": "nixpkgs",
        "ref": "nixos-23.11",
        "type": "indirect"
      }
    },
    "root": {
      "inputs": {
        "ear_src": "ear_src",
        "flake-utils": "flake-utils",
        "libear_src": "libear_src",
        "nixpkgs": "nixpkgs",
        "visr_src": "visr_src"
      }
    },
    "systems": {
      "locked": {
        "lastModified": 1681028828,
        "narHash": "sha256-Vy1rq5AaRuLzOxct8nz4T6wlgyUR7zLU309k9mBC768=",
        "owner": "nix-systems",
        "repo": "default",
        "rev": "da67096a3b9bf56a91d16901293e51ba5b49a27e",
        "type": "github"
      },
      "original": {
        "owner": "nix-systems",
        "repo": "default",
        "type": "github"
      }
    },
    "visr_src": {
      "flake": false,
      "locked": {
        "lastModified": 1706626832,
        "narHash": "sha256-AXvgWBvQZwi88zglKRK9quFfG52oqJaBldcREeqV3xI=",
        "owner": "ebu",
        "repo": "bear",
        "rev": "7ba1653b67c305d7245c2798f81b8e27889342c6",
        "type": "github"
      },
      "original": {
        "ref": "visr",
        "type": "git",
        "url": "https://github.com/ebu/bear.git"
      }
    }
  },
  "root": "root",
  "version": 7
}
