{
  "nodes": {
    "ear_src": {
      "flake": false,
      "locked": {
        "lastModified": 1696330591,
        "narHash": "sha256-dpJtZ974HrSklPIh78UByjhEGsbVyltklceIcCZ81a4=",
        "ref": "master",
        "rev": "29efa875c772e86b09c9154381cbe2d1db60f999",
        "revCount": 239,
        "type": "git",
        "url": "https://github.com/ebu/ebu_adm_renderer.git"
      },
      "original": {
        "ref": "master",
        "type": "git",
        "url": "https://github.com/ebu/ebu_adm_renderer.git"
      }
    },
    "flake-utils": {
      "inputs": {
        "systems": "systems"
      },
      "locked": {
        "lastModified": 1694529238,
        "narHash": "sha256-zsNZZGTGnMOf9YpHKJqMSsa0dXbfmxeoJ7xHlrt+xmY=",
        "owner": "numtide",
        "repo": "flake-utils",
        "rev": "ff7b65b44d01cf9ba6a71320833626af21126384",
        "type": "github"
      },
      "original": {
        "owner": "numtide",
        "repo": "flake-utils",
        "type": "github"
      }
    },
    "libear_src": {
      "flake": false,
      "locked": {
        "lastModified": 1683050932,
        "narHash": "sha256-4Ce1B9Ajuw9K8zy2PVl46DTqae5biPVftDGNCaFedbU=",
        "ref": "master",
        "rev": "10e071784d7f033fee8e456032458f10dd1da174",
        "revCount": 83,
        "type": "git",
        "url": "https://github.com/ebu/libear.git"
      },
      "original": {
        "ref": "master",
        "type": "git",
        "url": "https://github.com/ebu/libear.git"
      }
    },
    "nixpkgs": {
      "locked": {
        "lastModified": 1700403855,
        "narHash": "sha256-Q0Uzjik9kUTN9pd/kp52XJi5kletBhy29ctBlAG+III=",
        "owner": "NixOS",
        "repo": "nixpkgs",
        "rev": "0c5678df521e1407884205fe3ce3cf1d7df297db",
        "type": "github"
      },
      "original": {
        "id": "nixpkgs",
        "ref": "nixos-23.05",
        "type": "indirect"
      }
    },
    "root": {
      "inputs": {
        "ear_src": "ear_src",
        "flake-utils": "flake-utils",
        "libear_src": "libear_src",
        "nixpkgs": "nixpkgs",
        "visr_src": "visr_src"
      }
    },
    "systems": {
      "locked": {
        "lastModified": 1681028828,
        "narHash": "sha256-Vy1rq5AaRuLzOxct8nz4T6wlgyUR7zLU309k9mBC768=",
        "owner": "nix-systems",
        "repo": "default",
        "rev": "da67096a3b9bf56a91d16901293e51ba5b49a27e",
        "type": "github"
      },
      "original": {
        "owner": "nix-systems",
        "repo": "default",
        "type": "github"
      }
    },
    "visr_src": {
      "flake": false,
      "locked": {
        "lastModified": 1643817083,
        "narHash": "sha256-B+x/wRJgHyWxw3TlMabEK9C6vbH2mr8NwAvPAqn8+ck=",
        "type": "tarball",
        "url": "https://github.com/ebu/bear/releases/download/v0.0.1-pre/visr-0.13.0-pre-5e13f020.zip"
      },
      "original": {
        "type": "tarball",
        "url": "https://github.com/ebu/bear/releases/download/v0.0.1-pre/visr-0.13.0-pre-5e13f020.zip"
      }
    }
  },
  "root": "root",
  "version": 7
}
