{
  "nodes": {
    "ear_src": {
      "flake": false,
      "locked": {
        "lastModified": 1712678150,
        "narHash": "sha256-dwLalhg6rwdXKtY4iph3/bZuU+aW5sXbKVv8pqLOS5g=",
        "ref": "master",
        "rev": "a04e287f247809653a031b7c99306066ec3d94c1",
        "revCount": 364,
        "type": "git",
        "url": "https://github.com/ebu/ebu_adm_renderer.git"
      },
      "original": {
        "ref": "master",
        "type": "git",
        "url": "https://github.com/ebu/ebu_adm_renderer.git"
      }
    },
    "flake-utils": {
      "inputs": {
        "systems": "systems"
      },
      "locked": {
        "lastModified": 1710146030,
        "narHash": "sha256-SZ5L6eA7HJ/nmkzGG7/ISclqe6oZdOZTNoesiInkXPQ=",
        "owner": "numtide",
        "repo": "flake-utils",
        "rev": "b1d9ab70662946ef0850d488da1c9019f3a9752a",
        "type": "github"
      },
      "original": {
        "owner": "numtide",
        "repo": "flake-utils",
        "type": "github"
      }
    },
    "libear_src": {
      "flake": false,
      "locked": {
        "lastModified": 1683050932,
        "narHash": "sha256-4Ce1B9Ajuw9K8zy2PVl46DTqae5biPVftDGNCaFedbU=",
        "ref": "master",
        "rev": "10e071784d7f033fee8e456032458f10dd1da174",
        "revCount": 83,
        "type": "git",
        "url": "https://github.com/ebu/libear.git"
      },
      "original": {
        "ref": "master",
        "type": "git",
        "url": "https://github.com/ebu/libear.git"
      }
    },
    "nixpkgs": {
      "locked": {
        "lastModified": 1713344939,
        "narHash": "sha256-jpHkAt0sG2/J7ueKnG7VvLLkBYUMQbXQ2L8OBpVG53s=",
        "owner": "NixOS",
        "repo": "nixpkgs",
        "rev": "e402c3eb6d88384ca6c52ef1c53e61bdc9b84ddd",
        "type": "github"
      },
      "original": {
        "id": "nixpkgs",
        "ref": "nixos-23.11",
        "type": "indirect"
      }
    },
    "root": {
      "inputs": {
        "ear_src": "ear_src",
        "flake-utils": "flake-utils",
        "libear_src": "libear_src",
        "nixpkgs": "nixpkgs",
        "visr_src": "visr_src"
      }
    },
    "systems": {
      "locked": {
        "lastModified": 1681028828,
        "narHash": "sha256-Vy1rq5AaRuLzOxct8nz4T6wlgyUR7zLU309k9mBC768=",
        "owner": "nix-systems",
        "repo": "default",
        "rev": "da67096a3b9bf56a91d16901293e51ba5b49a27e",
        "type": "github"
      },
      "original": {
        "owner": "nix-systems",
        "repo": "default",
        "type": "github"
      }
    },
    "visr_src": {
      "flake": false,
      "locked": {
        "lastModified": 1713548227,
        "narHash": "sha256-xPwZDL9LVokj6/eZs22xVU3GLc/MLcAUZvHTJ3ixp2Y=",
        "ref": "visr",
        "rev": "6907b24a250c9dadf1028fb5e8764eaa078a184f",
        "revCount": 19,
        "type": "git",
        "url": "https://github.com/ebu/bear.git"
      },
      "original": {
        "ref": "visr",
        "type": "git",
        "url": "https://github.com/ebu/bear.git"
      }
    }
  },
  "root": "root",
  "version": 7
}
